// !$*UTF8*$!
{
	archiveVersion = 1;
	classes = {
	};
	objectVersion = 55;
	objects = {

/* Begin PBXBuildFile section */
		7D80D3FD27A87A060062DDD4 /* _2_Step_Check_InApp.swift in Sources */ = {isa = PBXBuildFile; fileRef = 7D80D3FC27A87A060062DDD4 /* _2_Step_Check_InApp.swift */; };
		7D80D3FF27A87A060062DDD4 /* ContentView.swift in Sources */ = {isa = PBXBuildFile; fileRef = 7D80D3FE27A87A060062DDD4 /* ContentView.swift */; };
		7D80D40127A87A150062DDD4 /* Assets.xcassets in Resources */ = {isa = PBXBuildFile; fileRef = 7D80D40027A87A150062DDD4 /* Assets.xcassets */; };
		7D80D40427A87A150062DDD4 /* Preview Assets.xcassets in Resources */ = {isa = PBXBuildFile; fileRef = 7D80D40327A87A150062DDD4 /* Preview Assets.xcassets */; };
		7D80D40E27A87A180062DDD4 /* _2_Step_Check_InTests.swift in Sources */ = {isa = PBXBuildFile; fileRef = 7D80D40D27A87A180062DDD4 /* _2_Step_Check_InTests.swift */; };
		7D80D41827A87A180062DDD4 /* _2_Step_Check_InUITests.swift in Sources */ = {isa = PBXBuildFile; fileRef = 7D80D41727A87A180062DDD4 /* _2_Step_Check_InUITests.swift */; };
		7D80D41A27A87A180062DDD4 /* _2_Step_Check_InUITestsLaunchTests.swift in Sources */ = {isa = PBXBuildFile; fileRef = 7D80D41927A87A180062DDD4 /* _2_Step_Check_InUITestsLaunchTests.swift */; };
/* End PBXBuildFile section */

/* Begin PBXContainerItemProxy section */
		7D80D40A27A87A180062DDD4 /* PBXContainerItemProxy */ = {
			isa = PBXContainerItemProxy;
			containerPortal = 7D80D3F127A87A060062DDD4 /* Project object */;
			proxyType = 1;
			remoteGlobalIDString = 7D80D3F827A87A060062DDD4;
			remoteInfo = "12 Step Check In";
		};
		7D80D41427A87A180062DDD4 /* PBXContainerItemProxy */ = {
			isa = PBXContainerItemProxy;
			containerPortal = 7D80D3F127A87A060062DDD4 /* Project object */;
			proxyType = 1;
			remoteGlobalIDString = 7D80D3F827A87A060062DDD4;
			remoteInfo = "12 Step Check In";
		};
/* End PBXContainerItemProxy section */

/* Begin PBXFileReference section */
		7D80D3F927A87A060062DDD4 /* 12 Step Check In.app */ = {isa = PBXFileReference; explicitFileType = wrapper.application; includeInIndex = 0; path = "12 Step Check In.app"; sourceTree = BUILT_PRODUCTS_DIR; };
		7D80D3FC27A87A060062DDD4 /* _2_Step_Check_InApp.swift */ = {isa = PBXFileReference; lastKnownFileType = sourcecode.swift; path = _2_Step_Check_InApp.swift; sourceTree = "<group>"; };
		7D80D3FE27A87A060062DDD4 /* ContentView.swift */ = {isa = PBXFileReference; lastKnownFileType = sourcecode.swift; path = ContentView.swift; sourceTree = "<group>"; };
		7D80D40027A87A150062DDD4 /* Assets.xcassets */ = {isa = PBXFileReference; lastKnownFileType = folder.assetcatalog; path = Assets.xcassets; sourceTree = "<group>"; };
		7D80D40327A87A150062DDD4 /* Preview Assets.xcassets */ = {isa = PBXFileReference; lastKnownFileType = folder.assetcatalog; path = "Preview Assets.xcassets"; sourceTree = "<group>"; };
		7D80D40927A87A180062DDD4 /* 12 Step Check InTests.xctest */ = {isa = PBXFileReference; explicitFileType = wrapper.cfbundle; includeInIndex = 0; path = "12 Step Check InTests.xctest"; sourceTree = BUILT_PRODUCTS_DIR; };
		7D80D40D27A87A180062DDD4 /* _2_Step_Check_InTests.swift */ = {isa = PBXFileReference; lastKnownFileType = sourcecode.swift; path = _2_Step_Check_InTests.swift; sourceTree = "<group>"; };
		7D80D41327A87A180062DDD4 /* 12 Step Check InUITests.xctest */ = {isa = PBXFileReference; explicitFileType = wrapper.cfbundle; includeInIndex = 0; path = "12 Step Check InUITests.xctest"; sourceTree = BUILT_PRODUCTS_DIR; };
		7D80D41727A87A180062DDD4 /* _2_Step_Check_InUITests.swift */ = {isa = PBXFileReference; lastKnownFileType = sourcecode.swift; path = _2_Step_Check_InUITests.swift; sourceTree = "<group>"; };
		7D80D41927A87A180062DDD4 /* _2_Step_Check_InUITestsLaunchTests.swift */ = {isa = PBXFileReference; lastKnownFileType = sourcecode.swift; path = _2_Step_Check_InUITestsLaunchTests.swift; sourceTree = "<group>"; };
/* End PBXFileReference section */

/* Begin PBXFrameworksBuildPhase section */
		7D80D3F627A87A060062DDD4 /* Frameworks */ = {
			isa = PBXFrameworksBuildPhase;
			buildActionMask = 2147483647;
			files = (
			);
			runOnlyForDeploymentPostprocessing = 0;
		};
		7D80D40627A87A180062DDD4 /* Frameworks */ = {
			isa = PBXFrameworksBuildPhase;
			buildActionMask = 2147483647;
			files = (
			);
			runOnlyForDeploymentPostprocessing = 0;
		};
		7D80D41027A87A180062DDD4 /* Frameworks */ = {
			isa = PBXFrameworksBuildPhase;
			buildActionMask = 2147483647;
			files = (
			);
			runOnlyForDeploymentPostprocessing = 0;
		};
/* End PBXFrameworksBuildPhase section */

/* Begin PBXGroup section */
		7D80D3F027A87A060062DDD4 = {
			isa = PBXGroup;
			children = (
				7D80D3FB27A87A060062DDD4 /* 12 Step Check In */,
				7D80D40C27A87A180062DDD4 /* 12 Step Check InTests */,
				7D80D41627A87A180062DDD4 /* 12 Step Check InUITests */,
				7D80D3FA27A87A060062DDD4 /* Products */,
			);
			sourceTree = "<group>";
		};
		7D80D3FA27A87A060062DDD4 /* Products */ = {
			isa = PBXGroup;
			children = (
				7D80D3F927A87A060062DDD4 /* 12 Step Check In.app */,
				7D80D40927A87A180062DDD4 /* 12 Step Check InTests.xctest */,
				7D80D41327A87A180062DDD4 /* 12 Step Check InUITests.xctest */,
			);
			name = Products;
			sourceTree = "<group>";
		};
		7D80D3FB27A87A060062DDD4 /* 12 Step Check In */ = {
			isa = PBXGroup;
			children = (
				7D80D3FC27A87A060062DDD4 /* _2_Step_Check_InApp.swift */,
				7D80D3FE27A87A060062DDD4 /* ContentView.swift */,
				7D80D40027A87A150062DDD4 /* Assets.xcassets */,
				7D80D40227A87A150062DDD4 /* Preview Content */,
			);
			path = "12 Step Check In";
			sourceTree = "<group>";
		};
		7D80D40227A87A150062DDD4 /* Preview Content */ = {
			isa = PBXGroup;
			children = (
				7D80D40327A87A150062DDD4 /* Preview Assets.xcassets */,
			);
			path = "Preview Content";
			sourceTree = "<group>";
		};
		7D80D40C27A87A180062DDD4 /* 12 Step Check InTests */ = {
			isa = PBXGroup;
			children = (
				7D80D40D27A87A180062DDD4 /* _2_Step_Check_InTests.swift */,
			);
			path = "12 Step Check InTests";
			sourceTree = "<group>";
		};
		7D80D41627A87A180062DDD4 /* 12 Step Check InUITests */ = {
			isa = PBXGroup;
			children = (
				7D80D41727A87A180062DDD4 /* _2_Step_Check_InUITests.swift */,
				7D80D41927A87A180062DDD4 /* _2_Step_Check_InUITestsLaunchTests.swift */,
			);
			path = "12 Step Check InUITests";
			sourceTree = "<group>";
		};
/* End PBXGroup section */

/* Begin PBXNativeTarget section */
		7D80D3F827A87A060062DDD4 /* 12 Step Check In */ = {
			isa = PBXNativeTarget;
			buildConfigurationList = 7D80D41D27A87A180062DDD4 /* Build configuration list for PBXNativeTarget "12 Step Check In" */;
			buildPhases = (
				7D80D3F527A87A060062DDD4 /* Sources */,
				7D80D3F627A87A060062DDD4 /* Frameworks */,
				7D80D3F727A87A060062DDD4 /* Resources */,
			);
			buildRules = (
			);
			dependencies = (
			);
			name = "12 Step Check In";
			productName = "12 Step Check In";
			productReference = 7D80D3F927A87A060062DDD4 /* 12 Step Check In.app */;
			productType = "com.apple.product-type.application";
		};
		7D80D40827A87A180062DDD4 /* 12 Step Check InTests */ = {
			isa = PBXNativeTarget;
			buildConfigurationList = 7D80D42027A87A180062DDD4 /* Build configuration list for PBXNativeTarget "12 Step Check InTests" */;
			buildPhases = (
				7D80D40527A87A180062DDD4 /* Sources */,
				7D80D40627A87A180062DDD4 /* Frameworks */,
				7D80D40727A87A180062DDD4 /* Resources */,
			);
			buildRules = (
			);
			dependencies = (
				7D80D40B27A87A180062DDD4 /* PBXTargetDependency */,
			);
			name = "12 Step Check InTests";
			productName = "12 Step Check InTests";
			productReference = 7D80D40927A87A180062DDD4 /* 12 Step Check InTests.xctest */;
			productType = "com.apple.product-type.bundle.unit-test";
		};
		7D80D41227A87A180062DDD4 /* 12 Step Check InUITests */ = {
			isa = PBXNativeTarget;
			buildConfigurationList = 7D80D42327A87A180062DDD4 /* Build configuration list for PBXNativeTarget "12 Step Check InUITests" */;
			buildPhases = (
				7D80D40F27A87A180062DDD4 /* Sources */,
				7D80D41027A87A180062DDD4 /* Frameworks */,
				7D80D41127A87A180062DDD4 /* Resources */,
			);
			buildRules = (
			);
			dependencies = (
				7D80D41527A87A180062DDD4 /* PBXTargetDependency */,
			);
			name = "12 Step Check InUITests";
			productName = "12 Step Check InUITests";
			productReference = 7D80D41327A87A180062DDD4 /* 12 Step Check InUITests.xctest */;
			productType = "com.apple.product-type.bundle.ui-testing";
		};
/* End PBXNativeTarget section */

/* Begin PBXProject section */
		7D80D3F127A87A060062DDD4 /* Project object */ = {
			isa = PBXProject;
			attributes = {
				BuildIndependentTargetsInParallel = 1;
				LastSwiftUpdateCheck = 1320;
				LastUpgradeCheck = 1320;
				TargetAttributes = {
					7D80D3F827A87A060062DDD4 = {
						CreatedOnToolsVersion = 13.2.1;
					};
					7D80D40827A87A180062DDD4 = {
						CreatedOnToolsVersion = 13.2.1;
						TestTargetID = 7D80D3F827A87A060062DDD4;
					};
					7D80D41227A87A180062DDD4 = {
						CreatedOnToolsVersion = 13.2.1;
						TestTargetID = 7D80D3F827A87A060062DDD4;
					};
				};
			};
			buildConfigurationList = 7D80D3F427A87A060062DDD4 /* Build configuration list for PBXProject "12 Step Check In" */;
			compatibilityVersion = "Xcode 13.0";
			developmentRegion = en;
			hasScannedForEncodings = 0;
			knownRegions = (
				en,
				Base,
			);
			mainGroup = 7D80D3F027A87A060062DDD4;
			productRefGroup = 7D80D3FA27A87A060062DDD4 /* Products */;
			projectDirPath = "";
			projectRoot = "";
			targets = (
				7D80D3F827A87A060062DDD4 /* 12 Step Check In */,
				7D80D40827A87A180062DDD4 /* 12 Step Check InTests */,
				7D80D41227A87A180062DDD4 /* 12 Step Check InUITests */,
			);
		};
/* End PBXProject section */

/* Begin PBXResourcesBuildPhase section */
		7D80D3F727A87A060062DDD4 /* Resources */ = {
			isa = PBXResourcesBuildPhase;
			buildActionMask = 2147483647;
			files = (
				7D80D40427A87A150062DDD4 /* Preview Assets.xcassets in Resources */,
				7D80D40127A87A150062DDD4 /* Assets.xcassets in Resources */,
			);
			runOnlyForDeploymentPostprocessing = 0;
		};
		7D80D40727A87A180062DDD4 /* Resources */ = {
			isa = PBXResourcesBuildPhase;
			buildActionMask = 2147483647;
			files = (
			);
			runOnlyForDeploymentPostprocessing = 0;
		};
		7D80D41127A87A180062DDD4 /* Resources */ = {
			isa = PBXResourcesBuildPhase;
			buildActionMask = 2147483647;
			files = (
			);
			runOnlyForDeploymentPostprocessing = 0;
		};
/* End PBXResourcesBuildPhase section */

/* Begin PBXSourcesBuildPhase section */
		7D80D3F527A87A060062DDD4 /* Sources */ = {
			isa = PBXSourcesBuildPhase;
			buildActionMask = 2147483647;
			files = (
				7D80D3FF27A87A060062DDD4 /* ContentView.swift in Sources */,
				7D80D3FD27A87A060062DDD4 /* _2_Step_Check_InApp.swift in Sources */,
			);
			runOnlyForDeploymentPostprocessing = 0;
		};
		7D80D40527A87A180062DDD4 /* Sources */ = {
			isa = PBXSourcesBuildPhase;
			buildActionMask = 2147483647;
			files = (
				7D80D40E27A87A180062DDD4 /* _2_Step_Check_InTests.swift in Sources */,
			);
			runOnlyForDeploymentPostprocessing = 0;
		};
		7D80D40F27A87A180062DDD4 /* Sources */ = {
			isa = PBXSourcesBuildPhase;
			buildActionMask = 2147483647;
			files = (
				7D80D41827A87A180062DDD4 /* _2_Step_Check_InUITests.swift in Sources */,
				7D80D41A27A87A180062DDD4 /* _2_Step_Check_InUITestsLaunchTests.swift in Sources */,
			);
			runOnlyForDeploymentPostprocessing = 0;
		};
/* End PBXSourcesBuildPhase section */

/* Begin PBXTargetDependency section */
		7D80D40B27A87A180062DDD4 /* PBXTargetDependency */ = {
			isa = PBXTargetDependency;
			target = 7D80D3F827A87A060062DDD4 /* 12 Step Check In */;
			targetProxy = 7D80D40A27A87A180062DDD4 /* PBXContainerItemProxy */;
		};
		7D80D41527A87A180062DDD4 /* PBXTargetDependency */ = {
			isa = PBXTargetDependency;
			target = 7D80D3F827A87A060062DDD4 /* 12 Step Check In */;
			targetProxy = 7D80D41427A87A180062DDD4 /* PBXContainerItemProxy */;
		};
/* End PBXTargetDependency section */

/* Begin XCBuildConfiguration section */
		7D80D41B27A87A180062DDD4 /* Debug */ = {
			isa = XCBuildConfiguration;
			buildSettings = {
				ALWAYS_SEARCH_USER_PATHS = NO;
				CLANG_ANALYZER_NONNULL = YES;
				CLANG_ANALYZER_NUMBER_OBJECT_CONVERSION = YES_AGGRESSIVE;
				CLANG_CXX_LANGUAGE_STANDARD = "gnu++17";
				CLANG_CXX_LIBRARY = "libc++";
				CLANG_ENABLE_MODULES = YES;
				CLANG_ENABLE_OBJC_ARC = YES;
				CLANG_ENABLE_OBJC_WEAK = YES;
				CLANG_WARN_BLOCK_CAPTURE_AUTORELEASING = YES;
				CLANG_WARN_BOOL_CONVERSION = YES;
				CLANG_WARN_COMMA = YES;
				CLANG_WARN_CONSTANT_CONVERSION = YES;
				CLANG_WARN_DEPRECATED_OBJC_IMPLEMENTATIONS = YES;
				CLANG_WARN_DIRECT_OBJC_ISA_USAGE = YES_ERROR;
				CLANG_WARN_DOCUMENTATION_COMMENTS = YES;
				CLANG_WARN_EMPTY_BODY = YES;
				CLANG_WARN_ENUM_CONVERSION = YES;
				CLANG_WARN_INFINITE_RECURSION = YES;
				CLANG_WARN_INT_CONVERSION = YES;
				CLANG_WARN_NON_LITERAL_NULL_CONVERSION = YES;
				CLANG_WARN_OBJC_IMPLICIT_RETAIN_SELF = YES;
				CLANG_WARN_OBJC_LITERAL_CONVERSION = YES;
				CLANG_WARN_OBJC_ROOT_CLASS = YES_ERROR;
				CLANG_WARN_QUOTED_INCLUDE_IN_FRAMEWORK_HEADER = YES;
				CLANG_WARN_RANGE_LOOP_ANALYSIS = YES;
				CLANG_WARN_STRICT_PROTOTYPES = YES;
				CLANG_WARN_SUSPICIOUS_MOVE = YES;
				CLANG_WARN_UNGUARDED_AVAILABILITY = YES_AGGRESSIVE;
				CLANG_WARN_UNREACHABLE_CODE = YES;
				CLANG_WARN__DUPLICATE_METHOD_MATCH = YES;
				COPY_PHASE_STRIP = NO;
				DEBUG_INFORMATION_FORMAT = dwarf;
				ENABLE_STRICT_OBJC_MSGSEND = YES;
				ENABLE_TESTABILITY = YES;
				GCC_C_LANGUAGE_STANDARD = gnu11;
				GCC_DYNAMIC_NO_PIC = NO;
				GCC_NO_COMMON_BLOCKS = YES;
				GCC_OPTIMIZATION_LEVEL = 0;
				GCC_PREPROCESSOR_DEFINITIONS = (
					"DEBUG=1",
					"$(inherited)",
				);
				GCC_WARN_64_TO_32_BIT_CONVERSION = YES;
				GCC_WARN_ABOUT_RETURN_TYPE = YES_ERROR;
				GCC_WARN_UNDECLARED_SELECTOR = YES;
				GCC_WARN_UNINITIALIZED_AUTOS = YES_AGGRESSIVE;
				GCC_WARN_UNUSED_FUNCTION = YES;
				GCC_WARN_UNUSED_VARIABLE = YES;
				IPHONEOS_DEPLOYMENT_TARGET = 15.2;
				MTL_ENABLE_DEBUG_INFO = INCLUDE_SOURCE;
				MTL_FAST_MATH = YES;
				ONLY_ACTIVE_ARCH = YES;
				SDKROOT = iphoneos;
				SWIFT_ACTIVE_COMPILATION_CONDITIONS = DEBUG;
				SWIFT_OPTIMIZATION_LEVEL = "-Onone";
			};
			name = Debug;
		};
		7D80D41C27A87A180062DDD4 /* Release */ = {
			isa = XCBuildConfiguration;
			buildSettings = {
				ALWAYS_SEARCH_USER_PATHS = NO;
				CLANG_ANALYZER_NONNULL = YES;
				CLANG_ANALYZER_NUMBER_OBJECT_CONVERSION = YES_AGGRESSIVE;
				CLANG_CXX_LANGUAGE_STANDARD = "gnu++17";
				CLANG_CXX_LIBRARY = "libc++";
				CLANG_ENABLE_MODULES = YES;
				CLANG_ENABLE_OBJC_ARC = YES;
				CLANG_ENABLE_OBJC_WEAK = YES;
				CLANG_WARN_BLOCK_CAPTURE_AUTORELEASING = YES;
				CLANG_WARN_BOOL_CONVERSION = YES;
				CLANG_WARN_COMMA = YES;
				CLANG_WARN_CONSTANT_CONVERSION = YES;
				CLANG_WARN_DEPRECATED_OBJC_IMPLEMENTATIONS = YES;
				CLANG_WARN_DIRECT_OBJC_ISA_USAGE = YES_ERROR;
				CLANG_WARN_DOCUMENTATION_COMMENTS = YES;
				CLANG_WARN_EMPTY_BODY = YES;
				CLANG_WARN_ENUM_CONVERSION = YES;
				CLANG_WARN_INFINITE_RECURSION = YES;
				CLANG_WARN_INT_CONVERSION = YES;
				CLANG_WARN_NON_LITERAL_NULL_CONVERSION = YES;
				CLANG_WARN_OBJC_IMPLICIT_RETAIN_SELF = YES;
				CLANG_WARN_OBJC_LITERAL_CONVERSION = YES;
				CLANG_WARN_OBJC_ROOT_CLASS = YES_ERROR;
				CLANG_WARN_QUOTED_INCLUDE_IN_FRAMEWORK_HEADER = YES;
				CLANG_WARN_RANGE_LOOP_ANALYSIS = YES;
				CLANG_WARN_STRICT_PROTOTYPES = YES;
				CLANG_WARN_SUSPICIOUS_MOVE = YES;
				CLANG_WARN_UNGUARDED_AVAILABILITY = YES_AGGRESSIVE;
				CLANG_WARN_UNREACHABLE_CODE = YES;
				CLANG_WARN__DUPLICATE_METHOD_MATCH = YES;
				COPY_PHASE_STRIP = NO;
				DEBUG_INFORMATION_FORMAT = "dwarf-with-dsym";
				ENABLE_NS_ASSERTIONS = NO;
				ENABLE_STRICT_OBJC_MSGSEND = YES;
				GCC_C_LANGUAGE_STANDARD = gnu11;
				GCC_NO_COMMON_BLOCKS = YES;
				GCC_WARN_64_TO_32_BIT_CONVERSION = YES;
				GCC_WARN_ABOUT_RETURN_TYPE = YES_ERROR;
				GCC_WARN_UNDECLARED_SELECTOR = YES;
				GCC_WARN_UNINITIALIZED_AUTOS = YES_AGGRESSIVE;
				GCC_WARN_UNUSED_FUNCTION = YES;
				GCC_WARN_UNUSED_VARIABLE = YES;
				IPHONEOS_DEPLOYMENT_TARGET = 15.2;
				MTL_ENABLE_DEBUG_INFO = NO;
				MTL_FAST_MATH = YES;
				SDKROOT = iphoneos;
				SWIFT_COMPILATION_MODE = wholemodule;
				SWIFT_OPTIMIZATION_LEVEL = "-O";
				VALIDATE_PRODUCT = YES;
			};
			name = Release;
		};
		7D80D41E27A87A180062DDD4 /* Debug */ = {
			isa = XCBuildConfiguration;
			buildSettings = {
				ASSETCATALOG_COMPILER_APPICON_NAME = AppIcon;
				ASSETCATALOG_COMPILER_GLOBAL_ACCENT_COLOR_NAME = AccentColor;
				CODE_SIGN_STYLE = Automatic;
				CURRENT_PROJECT_VERSION = 1;
				DEVELOPMENT_ASSET_PATHS = "\"12 Step Check In/Preview Content\"";
				ENABLE_PREVIEWS = YES;
				GENERATE_INFOPLIST_FILE = YES;
				INFOPLIST_KEY_UIApplicationSceneManifest_Generation = YES;
				INFOPLIST_KEY_UIApplicationSupportsIndirectInputEvents = YES;
				INFOPLIST_KEY_UILaunchScreen_Generation = YES;
				INFOPLIST_KEY_UISupportedInterfaceOrientations_iPad = "UIInterfaceOrientationPortrait UIInterfaceOrientationPortraitUpsideDown UIInterfaceOrientationLandscapeLeft UIInterfaceOrientationLandscapeRight";
				INFOPLIST_KEY_UISupportedInterfaceOrientations_iPhone = "UIInterfaceOrientationPortrait UIInterfaceOrientationLandscapeLeft UIInterfaceOrientationLandscapeRight";
				LD_RUNPATH_SEARCH_PATHS = (
					"$(inherited)",
					"@executable_path/Frameworks",
				);
				MARKETING_VERSION = 1.0;
				PRODUCT_BUNDLE_IDENTIFIER = "kolby-dev.-2-Step-Check-In";
				PRODUCT_NAME = "$(TARGET_NAME)";
				SWIFT_EMIT_LOC_STRINGS = YES;
				SWIFT_VERSION = 5.0;
				TARGETED_DEVICE_FAMILY = "1,2";
			};
			name = Debug;
		};
		7D80D41F27A87A180062DDD4 /* Release */ = {
			isa = XCBuildConfiguration;
			buildSettings = {
				ASSETCATALOG_COMPILER_APPICON_NAME = AppIcon;
				ASSETCATALOG_COMPILER_GLOBAL_ACCENT_COLOR_NAME = AccentColor;
				CODE_SIGN_STYLE = Automatic;
				CURRENT_PROJECT_VERSION = 1;
				DEVELOPMENT_ASSET_PATHS = "\"12 Step Check In/Preview Content\"";
				ENABLE_PREVIEWS = YES;
				GENERATE_INFOPLIST_FILE = YES;
				INFOPLIST_KEY_UIApplicationSceneManifest_Generation = YES;
				INFOPLIST_KEY_UIApplicationSupportsIndirectInputEvents = YES;
				INFOPLIST_KEY_UILaunchScreen_Generation = YES;
				INFOPLIST_KEY_UISupportedInterfaceOrientations_iPad = "UIInterfaceOrientationPortrait UIInterfaceOrientationPortraitUpsideDown UIInterfaceOrientationLandscapeLeft UIInterfaceOrientationLandscapeRight";
				INFOPLIST_KEY_UISupportedInterfaceOrientations_iPhone = "UIInterfaceOrientationPortrait UIInterfaceOrientationLandscapeLeft UIInterfaceOrientationLandscapeRight";
				LD_RUNPATH_SEARCH_PATHS = (
					"$(inherited)",
					"@executable_path/Frameworks",
				);
				MARKETING_VERSION = 1.0;
				PRODUCT_BUNDLE_IDENTIFIER = "kolby-dev.-2-Step-Check-In";
				PRODUCT_NAME = "$(TARGET_NAME)";
				SWIFT_EMIT_LOC_STRINGS = YES;
				SWIFT_VERSION = 5.0;
				TARGETED_DEVICE_FAMILY = "1,2";
			};
			name = Release;
		};
		7D80D42127A87A180062DDD4 /* Debug */ = {
			isa = XCBuildConfiguration;
			buildSettings = {
				ALWAYS_EMBED_SWIFT_STANDARD_LIBRARIES = YES;
				BUNDLE_LOADER = "$(TEST_HOST)";
				CODE_SIGN_STYLE = Automatic;
				CURRENT_PROJECT_VERSION = 1;
				GENERATE_INFOPLIST_FILE = YES;
				IPHONEOS_DEPLOYMENT_TARGET = 15.2;
				MARKETING_VERSION = 1.0;
				PRODUCT_BUNDLE_IDENTIFIER = "kolby-dev.-2-Step-Check-InTests";
				PRODUCT_NAME = "$(TARGET_NAME)";
				SWIFT_EMIT_LOC_STRINGS = NO;
				SWIFT_VERSION = 5.0;
				TARGETED_DEVICE_FAMILY = "1,2";
				TEST_HOST = "$(BUILT_PRODUCTS_DIR)/12 Step Check In.app/12 Step Check In";
			};
			name = Debug;
		};
		7D80D42227A87A180062DDD4 /* Release */ = {
			isa = XCBuildConfiguration;
			buildSettings = {
				ALWAYS_EMBED_SWIFT_STANDARD_LIBRARIES = YES;
				BUNDLE_LOADER = "$(TEST_HOST)";
				CODE_SIGN_STYLE = Automatic;
				CURRENT_PROJECT_VERSION = 1;
				GENERATE_INFOPLIST_FILE = YES;
				IPHONEOS_DEPLOYMENT_TARGET = 15.2;
				MARKETING_VERSION = 1.0;
				PRODUCT_BUNDLE_IDENTIFIER = "kolby-dev.-2-Step-Check-InTests";
				PRODUCT_NAME = "$(TARGET_NAME)";
				SWIFT_EMIT_LOC_STRINGS = NO;
				SWIFT_VERSION = 5.0;
				TARGETED_DEVICE_FAMILY = "1,2";
				TEST_HOST = "$(BUILT_PRODUCTS_DIR)/12 Step Check In.app/12 Step Check In";
			};
			name = Release;
		};
		7D80D42427A87A180062DDD4 /* Debug */ = {
			isa = XCBuildConfiguration;
			buildSettings = {
				ALWAYS_EMBED_SWIFT_STANDARD_LIBRARIES = YES;
				CODE_SIGN_STYLE = Automatic;
				CURRENT_PROJECT_VERSION = 1;
				GENERATE_INFOPLIST_FILE = YES;
				MARKETING_VERSION = 1.0;
				PRODUCT_BUNDLE_IDENTIFIER = "kolby-dev.-2-Step-Check-InUITests";
				PRODUCT_NAME = "$(TARGET_NAME)";
				SWIFT_EMIT_LOC_STRINGS = NO;
				SWIFT_VERSION = 5.0;
				TARGETED_DEVICE_FAMILY = "1,2";
				TEST_TARGET_NAME = "12 Step Check In";
			};
			name = Debug;
		};
		7D80D42527A87A180062DDD4 /* Release */ = {
			isa = XCBuildConfiguration;
			buildSettings = {
				ALWAYS_EMBED_SWIFT_STANDARD_LIBRARIES = YES;
				CODE_SIGN_STYLE = Automatic;
				CURRENT_PROJECT_VERSION = 1;
				GENERATE_INFOPLIST_FILE = YES;
				MARKETING_VERSION = 1.0;
				PRODUCT_BUNDLE_IDENTIFIER = "kolby-dev.-2-Step-Check-InUITests";
				PRODUCT_NAME = "$(TARGET_NAME)";
				SWIFT_EMIT_LOC_STRINGS = NO;
				SWIFT_VERSION = 5.0;
				TARGETED_DEVICE_FAMILY = "1,2";
				TEST_TARGET_NAME = "12 Step Check In";
			};
			name = Release;
		};
/* End XCBuildConfiguration section */

/* Begin XCConfigurationList section */
		7D80D3F427A87A060062DDD4 /* Build configuration list for PBXProject "12 Step Check In" */ = {
			isa = XCConfigurationList;
			buildConfigurations = (
				7D80D41B27A87A180062DDD4 /* Debug */,
				7D80D41C27A87A180062DDD4 /* Release */,
			);
			defaultConfigurationIsVisible = 0;
			defaultConfigurationName = Release;
		};
		7D80D41D27A87A180062DDD4 /* Build configuration list for PBXNativeTarget "12 Step Check In" */ = {
			isa = XCConfigurationList;
			buildConfigurations = (
				7D80D41E27A87A180062DDD4 /* Debug */,
				7D80D41F27A87A180062DDD4 /* Release */,
			);
			defaultConfigurationIsVisible = 0;
			defaultConfigurationName = Release;
		};
		7D80D42027A87A180062DDD4 /* Build configuration list for PBXNativeTarget "12 Step Check InTests" */ = {
			isa = XCConfigurationList;
			buildConfigurations = (
				7D80D42127A87A180062DDD4 /* Debug */,
				7D80D42227A87A180062DDD4 /* Release */,
			);
			defaultConfigurationIsVisible = 0;
			defaultConfigurationName = Release;
		};
		7D80D42327A87A180062DDD4 /* Build configuration list for PBXNativeTarget "12 Step Check InUITests" */ = {
			isa = XCConfigurationList;
			buildConfigurations = (
				7D80D42427A87A180062DDD4 /* Debug */,
				7D80D42527A87A180062DDD4 /* Release */,
			);
			defaultConfigurationIsVisible = 0;
			defaultConfigurationName = Release;
		};
/* End XCConfigurationList section */
	};
	rootObject = 7D80D3F127A87A060062DDD4 /* Project object */;
}
